
Microsoft Visual Studio Solution File, Format Version 12.00
# Visual Studio 15
VisualStudioVersion = 15.0.28010.2036
MinimumVisualStudioVersion = 10.0.40219.1
Project("{FAE04EC0-301F-11D3-BF4B-00C04F79EFBC}") = "EFCodeFirstSample", "EFCodeFirstSample\EFCodeFirstSample.csproj", "{A90085E8-2CE6-4345-A073-00D552A5FF8F}"
EndProject
Project("{FAE04EC0-301F-11D3-BF4B-00C04F79EFBC}") = "EFCodeFirstSample.Data", "EFCodeFirstSample.Data\EFCodeFirstSample.Data.csproj", "{A05DCDD9-B31F-4400-BE1F-0EF16FF675B2}"
EndProject
Global
	GlobalSection(SolutionConfigurationPlatforms) = preSolution
		Debug|Any CPU = Debug|Any CPU
		Release|Any CPU = Release|Any CPU
	EndGlobalSection
	GlobalSection(ProjectConfigurationPlatforms) = postSolution
		{A90085E8-2CE6-4345-A073-00D552A5FF8F}.Debug|Any CPU.ActiveCfg = Debug|Any CPU
		{A90085E8-2CE6-4345-A073-00D552A5FF8F}.Debug|Any CPU.Build.0 = Debug|Any CPU
		{A90085E8-2CE6-4345-A073-00D552A5FF8F}.Release|Any CPU.ActiveCfg = Release|Any CPU
		{A90085E8-2CE6-4345-A073-00D552A5FF8F}.Release|Any CPU.Build.0 = Release|Any CPU
		{A05DCDD9-B31F-4400-BE1F-0EF16FF675B2}.Debug|Any CPU.ActiveCfg = Debug|Any CPU
		{A05DCDD9-B31F-4400-BE1F-0EF16FF675B2}.Debug|Any CPU.Build.0 = Debug|Any CPU
		{A05DCDD9-B31F-4400-BE1F-0EF16FF675B2}.Release|Any CPU.ActiveCfg = Release|Any CPU
		{A05DCDD9-B31F-4400-BE1F-0EF16FF675B2}.Release|Any CPU.Build.0 = Release|Any CPU
	EndGlobalSection
	GlobalSection(SolutionProperties) = preSolution
		HideSolutionNode = FALSE
	EndGlobalSection
	GlobalSection(ExtensibilityGlobals) = postSolution
		SolutionGuid = {F6FC3B9D-48B9-4E71-881B-58F12D19A27D}
	EndGlobalSection
EndGlobal
